// !$*UTF8*$!
{
	archiveVersion = 1;
	classes = {
	};
	objectVersion = 51;
	objects = {

/* Begin PBXBuildFile section */
		5C86F43C267DF4A800E8EEA1 /* AppDelegate.swift in Sources */ = {isa = PBXBuildFile; fileRef = 5C86F43B267DF4A800E8EEA1 /* AppDelegate.swift */; };
		5C86F43E267DF4A800E8EEA1 /* SceneDelegate.swift in Sources */ = {isa = PBXBuildFile; fileRef = 5C86F43D267DF4A800E8EEA1 /* SceneDelegate.swift */; };
		5C86F440267DF4A800E8EEA1 /* WelcomeViewController.swift in Sources */ = {isa = PBXBuildFile; fileRef = 5C86F43F267DF4A800E8EEA1 /* WelcomeViewController.swift */; };
		5C86F443267DF4A800E8EEA1 /* Main.storyboard in Resources */ = {isa = PBXBuildFile; fileRef = 5C86F441267DF4A800E8EEA1 /* Main.storyboard */; };
		5C86F445267DF4A900E8EEA1 /* Assets.xcassets in Resources */ = {isa = PBXBuildFile; fileRef = 5C86F444267DF4A900E8EEA1 /* Assets.xcassets */; };
		5C86F448267DF4A900E8EEA1 /* LaunchScreen.storyboard in Resources */ = {isa = PBXBuildFile; fileRef = 5C86F446267DF4A900E8EEA1 /* LaunchScreen.storyboard */; };
		5C86F460267E0CC800E8EEA1 /* CategoryViewController.swift in Sources */ = {isa = PBXBuildFile; fileRef = 5C86F45F267E0CC800E8EEA1 /* CategoryViewController.swift */; };
		5C86F464267E0CDB00E8EEA1 /* CategoryViewController.storyboard in Resources */ = {isa = PBXBuildFile; fileRef = 5C86F463267E0CDB00E8EEA1 /* CategoryViewController.storyboard */; };
		5C86F468267E0D8E00E8EEA1 /* UIViewController+StoryBoardinit.swift in Sources */ = {isa = PBXBuildFile; fileRef = 5C86F467267E0D8E00E8EEA1 /* UIViewController+StoryBoardinit.swift */; };
		5C86F46F267E48AA00E8EEA1 /* CategoryCollectionViewCell.swift in Sources */ = {isa = PBXBuildFile; fileRef = 5C86F46D267E48AA00E8EEA1 /* CategoryCollectionViewCell.swift */; };
		5C86F470267E48AA00E8EEA1 /* CategoryCollectionViewCell.xib in Resources */ = {isa = PBXBuildFile; fileRef = 5C86F46E267E48AA00E8EEA1 /* CategoryCollectionViewCell.xib */; };
		5C86F475267E5A7600E8EEA1 /* Category.swift in Sources */ = {isa = PBXBuildFile; fileRef = 5C86F474267E5A7600E8EEA1 /* Category.swift */; };
		5C86F47B267E6E0000E8EEA1 /* ItemViewController.swift in Sources */ = {isa = PBXBuildFile; fileRef = 5C86F47A267E6E0000E8EEA1 /* ItemViewController.swift */; };
		5C86F47F267E6E1100E8EEA1 /* ItemViewController.storyboard in Resources */ = {isa = PBXBuildFile; fileRef = 5C86F47E267E6E1100E8EEA1 /* ItemViewController.storyboard */; };
		ADD5C5A58D855BF51DAC51CF /* Pods_Realm_Shop.framework in Frameworks */ = {isa = PBXBuildFile; fileRef = C486ED16DBA7A13DF10741D7 /* Pods_Realm_Shop.framework */; };
/* End PBXBuildFile section */

/* Begin PBXFileReference section */
		5C86F438267DF4A800E8EEA1 /* Realm Shop.app */ = {isa = PBXFileReference; explicitFileType = wrapper.application; includeInIndex = 0; path = "Realm Shop.app"; sourceTree = BUILT_PRODUCTS_DIR; };
		5C86F43B267DF4A800E8EEA1 /* AppDelegate.swift */ = {isa = PBXFileReference; lastKnownFileType = sourcecode.swift; path = AppDelegate.swift; sourceTree = "<group>"; };
		5C86F43D267DF4A800E8EEA1 /* SceneDelegate.swift */ = {isa = PBXFileReference; lastKnownFileType = sourcecode.swift; path = SceneDelegate.swift; sourceTree = "<group>"; };
		5C86F43F267DF4A800E8EEA1 /* WelcomeViewController.swift */ = {isa = PBXFileReference; lastKnownFileType = sourcecode.swift; path = WelcomeViewController.swift; sourceTree = "<group>"; };
		5C86F442267DF4A800E8EEA1 /* Base */ = {isa = PBXFileReference; lastKnownFileType = file.storyboard; name = Base; path = Base.lproj/Main.storyboard; sourceTree = "<group>"; };
		5C86F444267DF4A900E8EEA1 /* Assets.xcassets */ = {isa = PBXFileReference; lastKnownFileType = folder.assetcatalog; path = Assets.xcassets; sourceTree = "<group>"; };
		5C86F447267DF4A900E8EEA1 /* Base */ = {isa = PBXFileReference; lastKnownFileType = file.storyboard; name = Base; path = Base.lproj/LaunchScreen.storyboard; sourceTree = "<group>"; };
		5C86F449267DF4A900E8EEA1 /* Info.plist */ = {isa = PBXFileReference; lastKnownFileType = text.plist.xml; path = Info.plist; sourceTree = "<group>"; };
		5C86F45F267E0CC800E8EEA1 /* CategoryViewController.swift */ = {isa = PBXFileReference; lastKnownFileType = sourcecode.swift; path = CategoryViewController.swift; sourceTree = "<group>"; };
		5C86F463267E0CDB00E8EEA1 /* CategoryViewController.storyboard */ = {isa = PBXFileReference; lastKnownFileType = file.storyboard; path = CategoryViewController.storyboard; sourceTree = "<group>"; };
		5C86F467267E0D8E00E8EEA1 /* UIViewController+StoryBoardinit.swift */ = {isa = PBXFileReference; lastKnownFileType = sourcecode.swift; path = "UIViewController+StoryBoardinit.swift"; sourceTree = "<group>"; };
		5C86F46D267E48AA00E8EEA1 /* CategoryCollectionViewCell.swift */ = {isa = PBXFileReference; lastKnownFileType = sourcecode.swift; path = CategoryCollectionViewCell.swift; sourceTree = "<group>"; };
		5C86F46E267E48AA00E8EEA1 /* CategoryCollectionViewCell.xib */ = {isa = PBXFileReference; lastKnownFileType = file.xib; path = CategoryCollectionViewCell.xib; sourceTree = "<group>"; };
		5C86F474267E5A7600E8EEA1 /* Category.swift */ = {isa = PBXFileReference; lastKnownFileType = sourcecode.swift; path = Category.swift; sourceTree = "<group>"; };
		5C86F47A267E6E0000E8EEA1 /* ItemViewController.swift */ = {isa = PBXFileReference; lastKnownFileType = sourcecode.swift; path = ItemViewController.swift; sourceTree = "<group>"; };
		5C86F47E267E6E1100E8EEA1 /* ItemViewController.storyboard */ = {isa = PBXFileReference; lastKnownFileType = file.storyboard; path = ItemViewController.storyboard; sourceTree = "<group>"; };
		C486ED16DBA7A13DF10741D7 /* Pods_Realm_Shop.framework */ = {isa = PBXFileReference; explicitFileType = wrapper.framework; includeInIndex = 0; path = Pods_Realm_Shop.framework; sourceTree = BUILT_PRODUCTS_DIR; };
		D4480455836B63A1071919CF /* Pods-Realm Shop.debug.xcconfig */ = {isa = PBXFileReference; includeInIndex = 1; lastKnownFileType = text.xcconfig; name = "Pods-Realm Shop.debug.xcconfig"; path = "Target Support Files/Pods-Realm Shop/Pods-Realm Shop.debug.xcconfig"; sourceTree = "<group>"; };
		F9959C738EEF2861D84F6C5A /* Pods-Realm Shop.release.xcconfig */ = {isa = PBXFileReference; includeInIndex = 1; lastKnownFileType = text.xcconfig; name = "Pods-Realm Shop.release.xcconfig"; path = "Target Support Files/Pods-Realm Shop/Pods-Realm Shop.release.xcconfig"; sourceTree = "<group>"; };
/* End PBXFileReference section */

/* Begin PBXFrameworksBuildPhase section */
		5C86F435267DF4A800E8EEA1 /* Frameworks */ = {
			isa = PBXFrameworksBuildPhase;
			buildActionMask = 2147483647;
			files = (
				ADD5C5A58D855BF51DAC51CF /* Pods_Realm_Shop.framework in Frameworks */,
			);
			runOnlyForDeploymentPostprocessing = 0;
		};
/* End PBXFrameworksBuildPhase section */

/* Begin PBXGroup section */
		5C86F42F267DF4A800E8EEA1 = {
			isa = PBXGroup;
			children = (
				5C86F43A267DF4A800E8EEA1 /* Realm Shop */,
				5C86F466267E0D4A00E8EEA1 /* Extensions */,
				5C86F439267DF4A800E8EEA1 /* Products */,
				6AE58991EB0E029315320505 /* Pods */,
				F343193A5223C726E0882808 /* Frameworks */,
			);
			sourceTree = "<group>";
		};
		5C86F439267DF4A800E8EEA1 /* Products */ = {
			isa = PBXGroup;
			children = (
				5C86F438267DF4A800E8EEA1 /* Realm Shop.app */,
			);
			name = Products;
			sourceTree = "<group>";
		};
		5C86F43A267DF4A800E8EEA1 /* Realm Shop */ = {
			isa = PBXGroup;
			children = (
				5C86F43B267DF4A800E8EEA1 /* AppDelegate.swift */,
				5C86F43D267DF4A800E8EEA1 /* SceneDelegate.swift */,
				5C86F446267DF4A900E8EEA1 /* LaunchScreen.storyboard */,
				5C86F444267DF4A900E8EEA1 /* Assets.xcassets */,
				5C86F449267DF4A900E8EEA1 /* Info.plist */,
				5C86F473267E577E00E8EEA1 /* Model */,
				5C86F46B267E487000E8EEA1 /* VIew */,
				5C86F45A267E087600E8EEA1 /* Controllers */,
			);
			path = "Realm Shop";
			sourceTree = "<group>";
		};
		5C86F45A267E087600E8EEA1 /* Controllers */ = {
			isa = PBXGroup;
			children = (
				5C86F45B267E08A500E8EEA1 /* WelcomeViewController */,
				5C86F45E267E0CA700E8EEA1 /* CategoryViewController */,
				5C86F479267E6DD500E8EEA1 /* ItemViewController */,
			);
			path = Controllers;
			sourceTree = "<group>";
		};
		5C86F45B267E08A500E8EEA1 /* WelcomeViewController */ = {
			isa = PBXGroup;
			children = (
				5C86F43F267DF4A800E8EEA1 /* WelcomeViewController.swift */,
				5C86F441267DF4A800E8EEA1 /* Main.storyboard */,
			);
			path = WelcomeViewController;
			sourceTree = "<group>";
		};
		5C86F45E267E0CA700E8EEA1 /* CategoryViewController */ = {
			isa = PBXGroup;
			children = (
				5C86F45F267E0CC800E8EEA1 /* CategoryViewController.swift */,
				5C86F463267E0CDB00E8EEA1 /* CategoryViewController.storyboard */,
			);
			path = CategoryViewController;
			sourceTree = "<group>";
		};
		5C86F466267E0D4A00E8EEA1 /* Extensions */ = {
			isa = PBXGroup;
			children = (
				5C86F467267E0D8E00E8EEA1 /* UIViewController+StoryBoardinit.swift */,
			);
			path = Extensions;
			sourceTree = "<group>";
		};
		5C86F46B267E487000E8EEA1 /* VIew */ = {
			isa = PBXGroup;
			children = (
				5C86F46C267E488700E8EEA1 /* CategoryCollectionCell */,
			);
			path = VIew;
			sourceTree = "<group>";
		};
		5C86F46C267E488700E8EEA1 /* CategoryCollectionCell */ = {
			isa = PBXGroup;
			children = (
				5C86F46D267E48AA00E8EEA1 /* CategoryCollectionViewCell.swift */,
				5C86F46E267E48AA00E8EEA1 /* CategoryCollectionViewCell.xib */,
			);
			path = CategoryCollectionCell;
			sourceTree = "<group>";
		};
		5C86F473267E577E00E8EEA1 /* Model */ = {
			isa = PBXGroup;
			children = (
				5C86F474267E5A7600E8EEA1 /* Category.swift */,
			);
			path = Model;
			sourceTree = "<group>";
		};
		5C86F479267E6DD500E8EEA1 /* ItemViewController */ = {
			isa = PBXGroup;
			children = (
				5C86F47A267E6E0000E8EEA1 /* ItemViewController.swift */,
				5C86F47E267E6E1100E8EEA1 /* ItemViewController.storyboard */,
			);
			path = ItemViewController;
			sourceTree = "<group>";
		};
		6AE58991EB0E029315320505 /* Pods */ = {
			isa = PBXGroup;
			children = (
				D4480455836B63A1071919CF /* Pods-Realm Shop.debug.xcconfig */,
				F9959C738EEF2861D84F6C5A /* Pods-Realm Shop.release.xcconfig */,
			);
			path = Pods;
			sourceTree = "<group>";
		};
		F343193A5223C726E0882808 /* Frameworks */ = {
			isa = PBXGroup;
			children = (
				C486ED16DBA7A13DF10741D7 /* Pods_Realm_Shop.framework */,
			);
			name = Frameworks;
			sourceTree = "<group>";
		};
/* End PBXGroup section */

/* Begin PBXNativeTarget section */
		5C86F437267DF4A800E8EEA1 /* Realm Shop */ = {
			isa = PBXNativeTarget;
			buildConfigurationList = 5C86F44C267DF4A900E8EEA1 /* Build configuration list for PBXNativeTarget "Realm Shop" */;
			buildPhases = (
				90D1D5FB726BDF621DCACDEF /* [CP] Check Pods Manifest.lock */,
				5C86F434267DF4A800E8EEA1 /* Sources */,
				5C86F435267DF4A800E8EEA1 /* Frameworks */,
				5C86F436267DF4A800E8EEA1 /* Resources */,
				5C86F450267DF4F100E8EEA1 /* SwiftLint */,
				A3E8C2727993827AC566D784 /* [CP] Embed Pods Frameworks */,
			);
			buildRules = (
			);
			dependencies = (
			);
			name = "Realm Shop";
			productName = "Realm Shop";
			productReference = 5C86F438267DF4A800E8EEA1 /* Realm Shop.app */;
			productType = "com.apple.product-type.application";
		};
/* End PBXNativeTarget section */

/* Begin PBXProject section */
		5C86F430267DF4A800E8EEA1 /* Project object */ = {
			isa = PBXProject;
			attributes = {
				LastSwiftUpdateCheck = 1240;
				LastUpgradeCheck = 1240;
				TargetAttributes = {
					5C86F437267DF4A800E8EEA1 = {
						CreatedOnToolsVersion = 12.4;
					};
				};
			};
			buildConfigurationList = 5C86F433267DF4A800E8EEA1 /* Build configuration list for PBXProject "Realm Shop" */;
			compatibilityVersion = "Xcode 9.3";
			developmentRegion = en;
			hasScannedForEncodings = 0;
			knownRegions = (
				en,
				Base,
			);
			mainGroup = 5C86F42F267DF4A800E8EEA1;
			productRefGroup = 5C86F439267DF4A800E8EEA1 /* Products */;
			projectDirPath = "";
			projectRoot = "";
			targets = (
				5C86F437267DF4A800E8EEA1 /* Realm Shop */,
			);
		};
/* End PBXProject section */

/* Begin PBXResourcesBuildPhase section */
		5C86F436267DF4A800E8EEA1 /* Resources */ = {
			isa = PBXResourcesBuildPhase;
			buildActionMask = 2147483647;
			files = (
				5C86F448267DF4A900E8EEA1 /* LaunchScreen.storyboard in Resources */,
				5C86F470267E48AA00E8EEA1 /* CategoryCollectionViewCell.xib in Resources */,
				5C86F445267DF4A900E8EEA1 /* Assets.xcassets in Resources */,
				5C86F443267DF4A800E8EEA1 /* Main.storyboard in Resources */,
				5C86F47F267E6E1100E8EEA1 /* ItemViewController.storyboard in Resources */,
				5C86F464267E0CDB00E8EEA1 /* CategoryViewController.storyboard in Resources */,
			);
			runOnlyForDeploymentPostprocessing = 0;
		};
/* End PBXResourcesBuildPhase section */

/* Begin PBXShellScriptBuildPhase section */
		5C86F450267DF4F100E8EEA1 /* SwiftLint */ = {
			isa = PBXShellScriptBuildPhase;
			buildActionMask = 2147483647;
			files = (
			);
			inputFileListPaths = (
			);
			inputPaths = (
			);
			name = SwiftLint;
			outputFileListPaths = (
			);
			outputPaths = (
			);
			runOnlyForDeploymentPostprocessing = 0;
			shellPath = /bin/sh;
			shellScript = "if which swiftlint >/dev/null; then\n  swiftlint\nelse\n  echo \"warning: SwiftLint not installed, download from https://github.com/realm/SwiftLint\"\nfi\n";
		};
		90D1D5FB726BDF621DCACDEF /* [CP] Check Pods Manifest.lock */ = {
			isa = PBXShellScriptBuildPhase;
			buildActionMask = 2147483647;
			files = (
			);
			inputFileListPaths = (
			);
			inputPaths = (
				"${PODS_PODFILE_DIR_PATH}/Podfile.lock",
				"${PODS_ROOT}/Manifest.lock",
			);
			name = "[CP] Check Pods Manifest.lock";
			outputFileListPaths = (
			);
			outputPaths = (
				"$(DERIVED_FILE_DIR)/Pods-Realm Shop-checkManifestLockResult.txt",
			);
			runOnlyForDeploymentPostprocessing = 0;
			shellPath = /bin/sh;
			shellScript = "diff \"${PODS_PODFILE_DIR_PATH}/Podfile.lock\" \"${PODS_ROOT}/Manifest.lock\" > /dev/null\nif [ $? != 0 ] ; then\n    # print error to STDERR\n    echo \"error: The sandbox is not in sync with the Podfile.lock. Run 'pod install' or update your CocoaPods installation.\" >&2\n    exit 1\nfi\n# This output is used by Xcode 'outputs' to avoid re-running this script phase.\necho \"SUCCESS\" > \"${SCRIPT_OUTPUT_FILE_0}\"\n";
			showEnvVarsInLog = 0;
		};
		A3E8C2727993827AC566D784 /* [CP] Embed Pods Frameworks */ = {
			isa = PBXShellScriptBuildPhase;
			buildActionMask = 2147483647;
			files = (
			);
			inputFileListPaths = (
				"${PODS_ROOT}/Target Support Files/Pods-Realm Shop/Pods-Realm Shop-frameworks-${CONFIGURATION}-input-files.xcfilelist",
			);
			name = "[CP] Embed Pods Frameworks";
			outputFileListPaths = (
				"${PODS_ROOT}/Target Support Files/Pods-Realm Shop/Pods-Realm Shop-frameworks-${CONFIGURATION}-output-files.xcfilelist",
			);
			runOnlyForDeploymentPostprocessing = 0;
			shellPath = /bin/sh;
			shellScript = "\"${PODS_ROOT}/Target Support Files/Pods-Realm Shop/Pods-Realm Shop-frameworks.sh\"\n";
			showEnvVarsInLog = 0;
		};
/* End PBXShellScriptBuildPhase section */

/* Begin PBXSourcesBuildPhase section */
		5C86F434267DF4A800E8EEA1 /* Sources */ = {
			isa = PBXSourcesBuildPhase;
			buildActionMask = 2147483647;
			files = (
				5C86F468267E0D8E00E8EEA1 /* UIViewController+StoryBoardinit.swift in Sources */,
				5C86F47B267E6E0000E8EEA1 /* ItemViewController.swift in Sources */,
				5C86F460267E0CC800E8EEA1 /* CategoryViewController.swift in Sources */,
				5C86F440267DF4A800E8EEA1 /* WelcomeViewController.swift in Sources */,
				5C86F43C267DF4A800E8EEA1 /* AppDelegate.swift in Sources */,
				5C86F46F267E48AA00E8EEA1 /* CategoryCollectionViewCell.swift in Sources */,
				5C86F43E267DF4A800E8EEA1 /* SceneDelegate.swift in Sources */,
				5C86F475267E5A7600E8EEA1 /* Category.swift in Sources */,
			);
			runOnlyForDeploymentPostprocessing = 0;
		};
/* End PBXSourcesBuildPhase section */

/* Begin PBXVariantGroup section */
		5C86F441267DF4A800E8EEA1 /* Main.storyboard */ = {
			isa = PBXVariantGroup;
			children = (
				5C86F442267DF4A800E8EEA1 /* Base */,
			);
			name = Main.storyboard;
			sourceTree = "<group>";
		};
		5C86F446267DF4A900E8EEA1 /* LaunchScreen.storyboard */ = {
			isa = PBXVariantGroup;
			children = (
				5C86F447267DF4A900E8EEA1 /* Base */,
			);
			name = LaunchScreen.storyboard;
			sourceTree = "<group>";
		};
/* End PBXVariantGroup section */

/* Begin XCBuildConfiguration section */
		5C86F44A267DF4A900E8EEA1 /* Debug */ = {
			isa = XCBuildConfiguration;
			buildSettings = {
				ALWAYS_SEARCH_USER_PATHS = NO;
				CLANG_ANALYZER_NONNULL = YES;
				CLANG_ANALYZER_NUMBER_OBJECT_CONVERSION = YES_AGGRESSIVE;
				CLANG_CXX_LANGUAGE_STANDARD = "gnu++14";
				CLANG_CXX_LIBRARY = "libc++";
				CLANG_ENABLE_MODULES = YES;
				CLANG_ENABLE_OBJC_ARC = YES;
				CLANG_ENABLE_OBJC_WEAK = YES;
				CLANG_WARN_BLOCK_CAPTURE_AUTORELEASING = YES;
				CLANG_WARN_BOOL_CONVERSION = YES;
				CLANG_WARN_COMMA = YES;
				CLANG_WARN_CONSTANT_CONVERSION = YES;
				CLANG_WARN_DEPRECATED_OBJC_IMPLEMENTATIONS = YES;
				CLANG_WARN_DIRECT_OBJC_ISA_USAGE = YES_ERROR;
				CLANG_WARN_DOCUMENTATION_COMMENTS = YES;
				CLANG_WARN_EMPTY_BODY = YES;
				CLANG_WARN_ENUM_CONVERSION = YES;
				CLANG_WARN_INFINITE_RECURSION = YES;
				CLANG_WARN_INT_CONVERSION = YES;
				CLANG_WARN_NON_LITERAL_NULL_CONVERSION = YES;
				CLANG_WARN_OBJC_IMPLICIT_RETAIN_SELF = YES;
				CLANG_WARN_OBJC_LITERAL_CONVERSION = YES;
				CLANG_WARN_OBJC_ROOT_CLASS = YES_ERROR;
				CLANG_WARN_QUOTED_INCLUDE_IN_FRAMEWORK_HEADER = YES;
				CLANG_WARN_RANGE_LOOP_ANALYSIS = YES;
				CLANG_WARN_STRICT_PROTOTYPES = YES;
				CLANG_WARN_SUSPICIOUS_MOVE = YES;
				CLANG_WARN_UNGUARDED_AVAILABILITY = YES_AGGRESSIVE;
				CLANG_WARN_UNREACHABLE_CODE = YES;
				CLANG_WARN__DUPLICATE_METHOD_MATCH = YES;
				COPY_PHASE_STRIP = NO;
				DEBUG_INFORMATION_FORMAT = dwarf;
				ENABLE_STRICT_OBJC_MSGSEND = YES;
				ENABLE_TESTABILITY = YES;
				GCC_C_LANGUAGE_STANDARD = gnu11;
				GCC_DYNAMIC_NO_PIC = NO;
				GCC_NO_COMMON_BLOCKS = YES;
				GCC_OPTIMIZATION_LEVEL = 0;
				GCC_PREPROCESSOR_DEFINITIONS = (
					"DEBUG=1",
					"$(inherited)",
				);
				GCC_WARN_64_TO_32_BIT_CONVERSION = YES;
				GCC_WARN_ABOUT_RETURN_TYPE = YES_ERROR;
				GCC_WARN_UNDECLARED_SELECTOR = YES;
				GCC_WARN_UNINITIALIZED_AUTOS = YES_AGGRESSIVE;
				GCC_WARN_UNUSED_FUNCTION = YES;
				GCC_WARN_UNUSED_VARIABLE = YES;
				IPHONEOS_DEPLOYMENT_TARGET = 14.4;
				MTL_ENABLE_DEBUG_INFO = INCLUDE_SOURCE;
				MTL_FAST_MATH = YES;
				ONLY_ACTIVE_ARCH = YES;
				SDKROOT = iphoneos;
				SWIFT_ACTIVE_COMPILATION_CONDITIONS = DEBUG;
				SWIFT_OPTIMIZATION_LEVEL = "-Onone";
			};
			name = Debug;
		};
		5C86F44B267DF4A900E8EEA1 /* Release */ = {
			isa = XCBuildConfiguration;
			buildSettings = {
				ALWAYS_SEARCH_USER_PATHS = NO;
				CLANG_ANALYZER_NONNULL = YES;
				CLANG_ANALYZER_NUMBER_OBJECT_CONVERSION = YES_AGGRESSIVE;
				CLANG_CXX_LANGUAGE_STANDARD = "gnu++14";
				CLANG_CXX_LIBRARY = "libc++";
				CLANG_ENABLE_MODULES = YES;
				CLANG_ENABLE_OBJC_ARC = YES;
				CLANG_ENABLE_OBJC_WEAK = YES;
				CLANG_WARN_BLOCK_CAPTURE_AUTORELEASING = YES;
				CLANG_WARN_BOOL_CONVERSION = YES;
				CLANG_WARN_COMMA = YES;
				CLANG_WARN_CONSTANT_CONVERSION = YES;
				CLANG_WARN_DEPRECATED_OBJC_IMPLEMENTATIONS = YES;
				CLANG_WARN_DIRECT_OBJC_ISA_USAGE = YES_ERROR;
				CLANG_WARN_DOCUMENTATION_COMMENTS = YES;
				CLANG_WARN_EMPTY_BODY = YES;
				CLANG_WARN_ENUM_CONVERSION = YES;
				CLANG_WARN_INFINITE_RECURSION = YES;
				CLANG_WARN_INT_CONVERSION = YES;
				CLANG_WARN_NON_LITERAL_NULL_CONVERSION = YES;
				CLANG_WARN_OBJC_IMPLICIT_RETAIN_SELF = YES;
				CLANG_WARN_OBJC_LITERAL_CONVERSION = YES;
				CLANG_WARN_OBJC_ROOT_CLASS = YES_ERROR;
				CLANG_WARN_QUOTED_INCLUDE_IN_FRAMEWORK_HEADER = YES;
				CLANG_WARN_RANGE_LOOP_ANALYSIS = YES;
				CLANG_WARN_STRICT_PROTOTYPES = YES;
				CLANG_WARN_SUSPICIOUS_MOVE = YES;
				CLANG_WARN_UNGUARDED_AVAILABILITY = YES_AGGRESSIVE;
				CLANG_WARN_UNREACHABLE_CODE = YES;
				CLANG_WARN__DUPLICATE_METHOD_MATCH = YES;
				COPY_PHASE_STRIP = NO;
				DEBUG_INFORMATION_FORMAT = "dwarf-with-dsym";
				ENABLE_NS_ASSERTIONS = NO;
				ENABLE_STRICT_OBJC_MSGSEND = YES;
				GCC_C_LANGUAGE_STANDARD = gnu11;
				GCC_NO_COMMON_BLOCKS = YES;
				GCC_WARN_64_TO_32_BIT_CONVERSION = YES;
				GCC_WARN_ABOUT_RETURN_TYPE = YES_ERROR;
				GCC_WARN_UNDECLARED_SELECTOR = YES;
				GCC_WARN_UNINITIALIZED_AUTOS = YES_AGGRESSIVE;
				GCC_WARN_UNUSED_FUNCTION = YES;
				GCC_WARN_UNUSED_VARIABLE = YES;
				IPHONEOS_DEPLOYMENT_TARGET = 14.4;
				MTL_ENABLE_DEBUG_INFO = NO;
				MTL_FAST_MATH = YES;
				SDKROOT = iphoneos;
				SWIFT_COMPILATION_MODE = wholemodule;
				SWIFT_OPTIMIZATION_LEVEL = "-O";
				VALIDATE_PRODUCT = YES;
			};
			name = Release;
		};
		5C86F44D267DF4A900E8EEA1 /* Debug */ = {
			isa = XCBuildConfiguration;
			baseConfigurationReference = D4480455836B63A1071919CF /* Pods-Realm Shop.debug.xcconfig */;
			buildSettings = {
				ASSETCATALOG_COMPILER_APPICON_NAME = AppIcon;
				ASSETCATALOG_COMPILER_GLOBAL_ACCENT_COLOR_NAME = AccentColor;
				CODE_SIGN_STYLE = Automatic;
				DEVELOPMENT_TEAM = 6UV36R5ZZ7;
				INFOPLIST_FILE = "Realm Shop/Info.plist";
				LD_RUNPATH_SEARCH_PATHS = (
					"$(inherited)",
					"@executable_path/Frameworks",
				);
				PRODUCT_BUNDLE_IDENTIFIER = "KonstantinD.Realm-Shop";
				PRODUCT_NAME = "$(TARGET_NAME)";
				SWIFT_VERSION = 5.0;
				TARGETED_DEVICE_FAMILY = "1,2";
			};
			name = Debug;
		};
		5C86F44E267DF4A900E8EEA1 /* Release */ = {
			isa = XCBuildConfiguration;
			baseConfigurationReference = F9959C738EEF2861D84F6C5A /* Pods-Realm Shop.release.xcconfig */;
			buildSettings = {
				ASSETCATALOG_COMPILER_APPICON_NAME = AppIcon;
				ASSETCATALOG_COMPILER_GLOBAL_ACCENT_COLOR_NAME = AccentColor;
				CODE_SIGN_STYLE = Automatic;
				DEVELOPMENT_TEAM = 6UV36R5ZZ7;
				INFOPLIST_FILE = "Realm Shop/Info.plist";
				LD_RUNPATH_SEARCH_PATHS = (
					"$(inherited)",
					"@executable_path/Frameworks",
				);
				PRODUCT_BUNDLE_IDENTIFIER = "KonstantinD.Realm-Shop";
				PRODUCT_NAME = "$(TARGET_NAME)";
				SWIFT_VERSION = 5.0;
				TARGETED_DEVICE_FAMILY = "1,2";
			};
			name = Release;
		};
/* End XCBuildConfiguration section */

/* Begin XCConfigurationList section */
		5C86F433267DF4A800E8EEA1 /* Build configuration list for PBXProject "Realm Shop" */ = {
			isa = XCConfigurationList;
			buildConfigurations = (
				5C86F44A267DF4A900E8EEA1 /* Debug */,
				5C86F44B267DF4A900E8EEA1 /* Release */,
			);
			defaultConfigurationIsVisible = 0;
			defaultConfigurationName = Release;
		};
		5C86F44C267DF4A900E8EEA1 /* Build configuration list for PBXNativeTarget "Realm Shop" */ = {
			isa = XCConfigurationList;
			buildConfigurations = (
				5C86F44D267DF4A900E8EEA1 /* Debug */,
				5C86F44E267DF4A900E8EEA1 /* Release */,
			);
			defaultConfigurationIsVisible = 0;
			defaultConfigurationName = Release;
		};
/* End XCConfigurationList section */
	};
	rootObject = 5C86F430267DF4A800E8EEA1 /* Project object */;
}
